
Microsoft Visual Studio Solution File, Format Version 12.00
# Visual Studio 14
VisualStudioVersion = 14.0.25123.0
MinimumVisualStudioVersion = 10.0.40219.1
Project("{FAE04EC0-301F-11D3-BF4B-00C04F79EFBC}") = "Guestbook.API", "Guestbook.API\Guestbook.API.csproj", "{DC40F516-BEEF-4C3E-80DD-CDB63FC1AAEC}"
EndProject
Global
	GlobalSection(SolutionConfigurationPlatforms) = preSolution
		Debug|Any CPU = Debug|Any CPU
		Release|Any CPU = Release|Any CPU
	EndGlobalSection
	GlobalSection(ProjectConfigurationPlatforms) = postSolution
		{DC40F516-BEEF-4C3E-80DD-CDB63FC1AAEC}.Debug|Any CPU.ActiveCfg = Debug|Any CPU
		{DC40F516-BEEF-4C3E-80DD-CDB63FC1AAEC}.Debug|Any CPU.Build.0 = Debug|Any CPU
		{DC40F516-BEEF-4C3E-80DD-CDB63FC1AAEC}.Release|Any CPU.ActiveCfg = Release|Any CPU
		{DC40F516-BEEF-4C3E-80DD-CDB63FC1AAEC}.Release|Any CPU.Build.0 = Release|Any CPU
	EndGlobalSection
	GlobalSection(SolutionProperties) = preSolution
		HideSolutionNode = FALSE
	EndGlobalSection
EndGlobal
